
Microsoft Visual Studio Solution File, Format Version 12.00
# Visual Studio Version 17
VisualStudioVersion = 17.8.34525.116
MinimumVisualStudioVersion = 10.0.40219.1
Project("{FAE04EC0-301F-11D3-BF4B-00C04F79EFBC}") = "BitcubeProject", "BitcubeProject\BitcubeProject.csproj", "{00A069DA-51D2-443A-A932-B65678994656}"
EndProject
Global
	GlobalSection(SolutionConfigurationPlatforms) = preSolution
		Debug|Any CPU = Debug|Any CPU
		Release|Any CPU = Release|Any CPU
	EndGlobalSection
	GlobalSection(ProjectConfigurationPlatforms) = postSolution
		{00A069DA-51D2-443A-A932-B65678994656}.Debug|Any CPU.ActiveCfg = Debug|Any CPU
		{00A069DA-51D2-443A-A932-B65678994656}.Debug|Any CPU.Build.0 = Debug|Any CPU
		{00A069DA-51D2-443A-A932-B65678994656}.Debug|Any CPU.Deploy.0 = Debug|Any CPU
		{00A069DA-51D2-443A-A932-B65678994656}.Release|Any CPU.ActiveCfg = Release|Any CPU
		{00A069DA-51D2-443A-A932-B65678994656}.Release|Any CPU.Build.0 = Release|Any CPU
		{00A069DA-51D2-443A-A932-B65678994656}.Release|Any CPU.Deploy.0 = Release|Any CPU
	EndGlobalSection
	GlobalSection(SolutionProperties) = preSolution
		HideSolutionNode = FALSE
	EndGlobalSection
	GlobalSection(ExtensibilityGlobals) = postSolution
		SolutionGuid = {FAF98FCC-BD07-4449-95F0-7CA355D77CF3}
	EndGlobalSection
EndGlobal
